Microsoft Visual Studio Solution File, Format Version 12.00
# Visual Studio Version 16
VisualStudioVersion = 16.0.0.0
MinimumVisualStudioVersion = 16.0.0.0
Project("{9A19103F-16F7-4668-BE54-9A1E7A4F7556}") = "BlazAutoIndAuth", "BlazAutoIndAuth\BlazAutoIndAuth.csproj", "{CBAE3F5F-FB7F-4F36-AD8C-F53001874598}"
EndProject
Project("{9A19103F-16F7-4668-BE54-9A1E7A4F7556}") = "BlazAutoIndAuth.Client", "BlazAutoIndAuth.Client\BlazAutoIndAuth.Client.csproj", "{552B448F-310D-447F-9589-05A763B2204B}"
EndProject
Global
	GlobalSection(SolutionConfigurationPlatforms) = preSolution
		Debug|Any CPU = Debug|Any CPU
		Debug|x64 = Debug|x64
		Debug|x86 = Debug|x86
		Release|Any CPU = Release|Any CPU
		Release|x64 = Release|x64
		Release|x86 = Release|x86
	EndGlobalSection
	GlobalSection(ProjectConfigurationPlatforms) = postSolution
		{552B448F-310D-447F-9589-05A763B2204B}.Debug|Any CPU.ActiveCfg = Debug|Any CPU
		{552B448F-310D-447F-9589-05A763B2204B}.Debug|Any CPU.Build.0 = Debug|Any CPU
		{552B448F-310D-447F-9589-05A763B2204B}.Debug|x64.ActiveCfg = Debug|Any CPU
		{552B448F-310D-447F-9589-05A763B2204B}.Debug|x64.Build.0 = Debug|Any CPU
		{552B448F-310D-447F-9589-05A763B2204B}.Debug|x86.ActiveCfg = Debug|Any CPU
		{552B448F-310D-447F-9589-05A763B2204B}.Debug|x86.Build.0 = Debug|Any CPU
		{552B448F-310D-447F-9589-05A763B2204B}.Release|Any CPU.ActiveCfg = Release|Any CPU
		{552B448F-310D-447F-9589-05A763B2204B}.Release|Any CPU.Build.0 = Release|Any CPU
		{552B448F-310D-447F-9589-05A763B2204B}.Release|x64.ActiveCfg = Release|Any CPU
		{552B448F-310D-447F-9589-05A763B2204B}.Release|x64.Build.0 = Release|Any CPU
		{552B448F-310D-447F-9589-05A763B2204B}.Release|x86.ActiveCfg = Release|Any CPU
		{552B448F-310D-447F-9589-05A763B2204B}.Release|x86.Build.0 = Release|Any CPU
		{CBAE3F5F-FB7F-4F36-AD8C-F53001874598}.Debug|Any CPU.ActiveCfg = Debug|Any CPU
		{CBAE3F5F-FB7F-4F36-AD8C-F53001874598}.Debug|Any CPU.Build.0 = Debug|Any CPU
		{CBAE3F5F-FB7F-4F36-AD8C-F53001874598}.Debug|x64.ActiveCfg = Debug|Any CPU
		{CBAE3F5F-FB7F-4F36-AD8C-F53001874598}.Debug|x64.Build.0 = Debug|Any CPU
		{CBAE3F5F-FB7F-4F36-AD8C-F53001874598}.Debug|x86.ActiveCfg = Debug|Any CPU
		{CBAE3F5F-FB7F-4F36-AD8C-F53001874598}.Debug|x86.Build.0 = Debug|Any CPU
		{CBAE3F5F-FB7F-4F36-AD8C-F53001874598}.Release|Any CPU.ActiveCfg = Release|Any CPU
		{CBAE3F5F-FB7F-4F36-AD8C-F53001874598}.Release|Any CPU.Build.0 = Release|Any CPU
		{CBAE3F5F-FB7F-4F36-AD8C-F53001874598}.Release|x64.ActiveCfg = Release|Any CPU
		{CBAE3F5F-FB7F-4F36-AD8C-F53001874598}.Release|x64.Build.0 = Release|Any CPU
		{CBAE3F5F-FB7F-4F36-AD8C-F53001874598}.Release|x86.ActiveCfg = Release|Any CPU
		{CBAE3F5F-FB7F-4F36-AD8C-F53001874598}.Release|x86.Build.0 = Release|Any CPU
	EndGlobalSection
	GlobalSection(SolutionProperties) = preSolution
		HideSolutionNode = FALSE
	EndGlobalSection
	GlobalSection(ExtensibilityGlobals) = postSolution
		SolutionGuid = {6FAA2835-1DB4-456E-8B62-751301E2C0B2}
	EndGlobalSection
EndGlobal
