Microsoft Visual Studio Solution File, Format Version 12.00
# Visual Studio Version 17
VisualStudioVersion = 17.9.34407.89
MinimumVisualStudioVersion = 16.0.0.0
Project("{9A19103F-16F7-4668-BE54-9A1E7A4F7556}") = "Sample5", "Sample5\Sample5.csproj", "{36BD9243-358A-4809-A235-C92BC8B1B171}"
EndProject
Project("{9A19103F-16F7-4668-BE54-9A1E7A4F7556}") = "Sample5.Client", "Sample5.Client\Sample5.Client.csproj", "{091D23E8-FBEF-4035-8A39-5051CCE5ABF3}"
EndProject
Project("{FAE04EC0-301F-11D3-BF4B-00C04F79EFBC}") = "RazorClassLibrary1", "RazorClassLibrary1\RazorClassLibrary1.csproj", "{58145169-AA00-4541-9022-9CCC8BC6FB3D}"
EndProject
Global
	GlobalSection(SolutionConfigurationPlatforms) = preSolution
		Debug|Any CPU = Debug|Any CPU
		Debug|x64 = Debug|x64
		Debug|x86 = Debug|x86
		Release|Any CPU = Release|Any CPU
		Release|x64 = Release|x64
		Release|x86 = Release|x86
	EndGlobalSection
	GlobalSection(ProjectConfigurationPlatforms) = postSolution
		{36BD9243-358A-4809-A235-C92BC8B1B171}.Debug|Any CPU.ActiveCfg = Debug|Any CPU
		{36BD9243-358A-4809-A235-C92BC8B1B171}.Debug|Any CPU.Build.0 = Debug|Any CPU
		{36BD9243-358A-4809-A235-C92BC8B1B171}.Debug|x64.ActiveCfg = Debug|Any CPU
		{36BD9243-358A-4809-A235-C92BC8B1B171}.Debug|x64.Build.0 = Debug|Any CPU
		{36BD9243-358A-4809-A235-C92BC8B1B171}.Debug|x86.ActiveCfg = Debug|Any CPU
		{36BD9243-358A-4809-A235-C92BC8B1B171}.Debug|x86.Build.0 = Debug|Any CPU
		{36BD9243-358A-4809-A235-C92BC8B1B171}.Release|Any CPU.ActiveCfg = Release|Any CPU
		{36BD9243-358A-4809-A235-C92BC8B1B171}.Release|Any CPU.Build.0 = Release|Any CPU
		{36BD9243-358A-4809-A235-C92BC8B1B171}.Release|x64.ActiveCfg = Release|Any CPU
		{36BD9243-358A-4809-A235-C92BC8B1B171}.Release|x64.Build.0 = Release|Any CPU
		{36BD9243-358A-4809-A235-C92BC8B1B171}.Release|x86.ActiveCfg = Release|Any CPU
		{36BD9243-358A-4809-A235-C92BC8B1B171}.Release|x86.Build.0 = Release|Any CPU
		{091D23E8-FBEF-4035-8A39-5051CCE5ABF3}.Debug|Any CPU.ActiveCfg = Debug|Any CPU
		{091D23E8-FBEF-4035-8A39-5051CCE5ABF3}.Debug|Any CPU.Build.0 = Debug|Any CPU
		{091D23E8-FBEF-4035-8A39-5051CCE5ABF3}.Debug|x64.ActiveCfg = Debug|Any CPU
		{091D23E8-FBEF-4035-8A39-5051CCE5ABF3}.Debug|x64.Build.0 = Debug|Any CPU
		{091D23E8-FBEF-4035-8A39-5051CCE5ABF3}.Debug|x86.ActiveCfg = Debug|Any CPU
		{091D23E8-FBEF-4035-8A39-5051CCE5ABF3}.Debug|x86.Build.0 = Debug|Any CPU
		{091D23E8-FBEF-4035-8A39-5051CCE5ABF3}.Release|Any CPU.ActiveCfg = Release|Any CPU
		{091D23E8-FBEF-4035-8A39-5051CCE5ABF3}.Release|Any CPU.Build.0 = Release|Any CPU
		{091D23E8-FBEF-4035-8A39-5051CCE5ABF3}.Release|x64.ActiveCfg = Release|Any CPU
		{091D23E8-FBEF-4035-8A39-5051CCE5ABF3}.Release|x64.Build.0 = Release|Any CPU
		{091D23E8-FBEF-4035-8A39-5051CCE5ABF3}.Release|x86.ActiveCfg = Release|Any CPU
		{091D23E8-FBEF-4035-8A39-5051CCE5ABF3}.Release|x86.Build.0 = Release|Any CPU
		{58145169-AA00-4541-9022-9CCC8BC6FB3D}.Debug|Any CPU.ActiveCfg = Debug|Any CPU
		{58145169-AA00-4541-9022-9CCC8BC6FB3D}.Debug|Any CPU.Build.0 = Debug|Any CPU
		{58145169-AA00-4541-9022-9CCC8BC6FB3D}.Debug|x64.ActiveCfg = Debug|Any CPU
		{58145169-AA00-4541-9022-9CCC8BC6FB3D}.Debug|x64.Build.0 = Debug|Any CPU
		{58145169-AA00-4541-9022-9CCC8BC6FB3D}.Debug|x86.ActiveCfg = Debug|Any CPU
		{58145169-AA00-4541-9022-9CCC8BC6FB3D}.Debug|x86.Build.0 = Debug|Any CPU
		{58145169-AA00-4541-9022-9CCC8BC6FB3D}.Release|Any CPU.ActiveCfg = Release|Any CPU
		{58145169-AA00-4541-9022-9CCC8BC6FB3D}.Release|Any CPU.Build.0 = Release|Any CPU
		{58145169-AA00-4541-9022-9CCC8BC6FB3D}.Release|x64.ActiveCfg = Release|Any CPU
		{58145169-AA00-4541-9022-9CCC8BC6FB3D}.Release|x64.Build.0 = Release|Any CPU
		{58145169-AA00-4541-9022-9CCC8BC6FB3D}.Release|x86.ActiveCfg = Release|Any CPU
		{58145169-AA00-4541-9022-9CCC8BC6FB3D}.Release|x86.Build.0 = Release|Any CPU
	EndGlobalSection
	GlobalSection(SolutionProperties) = preSolution
		HideSolutionNode = FALSE
	EndGlobalSection
	GlobalSection(ExtensibilityGlobals) = postSolution
		SolutionGuid = {E2D42081-006A-4795-BE8E-F2F1018F46FF}
	EndGlobalSection
EndGlobal
