Microsoft Visual Studio Solution File, Format Version 12.00
# Visual Studio Version 16
VisualStudioVersion = 16.0.0.0
MinimumVisualStudioVersion = 16.0.0.0
Project("{9A19103F-16F7-4668-BE54-9A1E7A4F7556}") = "Sample7", "Sample7\Sample7.csproj", "{61D165AA-9D6C-4EC7-8245-77EF978645A4}"
EndProject
Project("{9A19103F-16F7-4668-BE54-9A1E7A4F7556}") = "Sample7.Client", "Sample7.Client\Sample7.Client.csproj", "{320E76BA-E527-43A8-9A2A-B0D2D7CB5432}"
EndProject
Global
	GlobalSection(SolutionConfigurationPlatforms) = preSolution
		Debug|Any CPU = Debug|Any CPU
		Debug|x64 = Debug|x64
		Debug|x86 = Debug|x86
		Release|Any CPU = Release|Any CPU
		Release|x64 = Release|x64
		Release|x86 = Release|x86
	EndGlobalSection
	GlobalSection(ProjectConfigurationPlatforms) = postSolution
		{320E76BA-E527-43A8-9A2A-B0D2D7CB5432}.Debug|Any CPU.ActiveCfg = Debug|Any CPU
		{320E76BA-E527-43A8-9A2A-B0D2D7CB5432}.Debug|Any CPU.Build.0 = Debug|Any CPU
		{320E76BA-E527-43A8-9A2A-B0D2D7CB5432}.Debug|x64.ActiveCfg = Debug|Any CPU
		{320E76BA-E527-43A8-9A2A-B0D2D7CB5432}.Debug|x64.Build.0 = Debug|Any CPU
		{320E76BA-E527-43A8-9A2A-B0D2D7CB5432}.Debug|x86.ActiveCfg = Debug|Any CPU
		{320E76BA-E527-43A8-9A2A-B0D2D7CB5432}.Debug|x86.Build.0 = Debug|Any CPU
		{320E76BA-E527-43A8-9A2A-B0D2D7CB5432}.Release|Any CPU.ActiveCfg = Release|Any CPU
		{320E76BA-E527-43A8-9A2A-B0D2D7CB5432}.Release|Any CPU.Build.0 = Release|Any CPU
		{320E76BA-E527-43A8-9A2A-B0D2D7CB5432}.Release|x64.ActiveCfg = Release|Any CPU
		{320E76BA-E527-43A8-9A2A-B0D2D7CB5432}.Release|x64.Build.0 = Release|Any CPU
		{320E76BA-E527-43A8-9A2A-B0D2D7CB5432}.Release|x86.ActiveCfg = Release|Any CPU
		{320E76BA-E527-43A8-9A2A-B0D2D7CB5432}.Release|x86.Build.0 = Release|Any CPU
		{61D165AA-9D6C-4EC7-8245-77EF978645A4}.Debug|Any CPU.ActiveCfg = Debug|Any CPU
		{61D165AA-9D6C-4EC7-8245-77EF978645A4}.Debug|Any CPU.Build.0 = Debug|Any CPU
		{61D165AA-9D6C-4EC7-8245-77EF978645A4}.Debug|x64.ActiveCfg = Debug|Any CPU
		{61D165AA-9D6C-4EC7-8245-77EF978645A4}.Debug|x64.Build.0 = Debug|Any CPU
		{61D165AA-9D6C-4EC7-8245-77EF978645A4}.Debug|x86.ActiveCfg = Debug|Any CPU
		{61D165AA-9D6C-4EC7-8245-77EF978645A4}.Debug|x86.Build.0 = Debug|Any CPU
		{61D165AA-9D6C-4EC7-8245-77EF978645A4}.Release|Any CPU.ActiveCfg = Release|Any CPU
		{61D165AA-9D6C-4EC7-8245-77EF978645A4}.Release|Any CPU.Build.0 = Release|Any CPU
		{61D165AA-9D6C-4EC7-8245-77EF978645A4}.Release|x64.ActiveCfg = Release|Any CPU
		{61D165AA-9D6C-4EC7-8245-77EF978645A4}.Release|x64.Build.0 = Release|Any CPU
		{61D165AA-9D6C-4EC7-8245-77EF978645A4}.Release|x86.ActiveCfg = Release|Any CPU
		{61D165AA-9D6C-4EC7-8245-77EF978645A4}.Release|x86.Build.0 = Release|Any CPU
	EndGlobalSection
	GlobalSection(SolutionProperties) = preSolution
		HideSolutionNode = FALSE
	EndGlobalSection
	GlobalSection(ExtensibilityGlobals) = postSolution
		SolutionGuid = {8F7A7ACA-CE2A-4D26-A4CD-6CDE28413AF5}
	EndGlobalSection
EndGlobal
